github.com/kuxuee/logger v1.0.0 h1:kxKrS5BSXKVVqdQZvccWOPNJIDKFiIoKQ6V+KHSzTPA=
github.com/kuxuee/logger v1.0.0/go.mod h1:/XWCiKS//Q96t00/SQ8fVCzXgoKlN3+vjrwCGLd+4uU=
github.com/pkg/errors v0.9.1 h1:FEBLx1zS214owpjy7qsBeixbURkuhQAwrK5UwLGTwt4=
github.com/pkg/errors v0.9.1/go.mod h1:bwawxfHBFNV+L2hUp1rHADufV3IMtnDRdf1r5NINEl0=
